// !$*UTF8*$!
{
	archiveVersion = 1;
	classes = {
	};
	objectVersion = 56;
	objects = {

/* Begin PBXBuildFile section */
		22D6FD312B7D3D6F00A269D9 /* PhotoSnapApp.swift in Sources */ = {isa = PBXBuildFile; fileRef = 22D6FD302B7D3D6F00A269D9 /* PhotoSnapApp.swift */; };
		22D6FD332B7D3D6F00A269D9 /* ContentView.swift in Sources */ = {isa = PBXBuildFile; fileRef = 22D6FD322B7D3D6F00A269D9 /* ContentView.swift */; };
		22D6FD352B7D3D7200A269D9 /* Assets.xcassets in Resources */ = {isa = PBXBuildFile; fileRef = 22D6FD342B7D3D7200A269D9 /* Assets.xcassets */; };
		22D6FD382B7D3D7200A269D9 /* Preview Assets.xcassets in Resources */ = {isa = PBXBuildFile; fileRef = 22D6FD372B7D3D7200A269D9 /* Preview Assets.xcassets */; };
		22D6FD422B7D3D7200A269D9 /* PhotoSnapTests.swift in Sources */ = {isa = PBXBuildFile; fileRef = 22D6FD412B7D3D7200A269D9 /* PhotoSnapTests.swift */; };
		22D6FD4C2B7D3D7200A269D9 /* PhotoSnapUITests.swift in Sources */ = {isa = PBXBuildFile; fileRef = 22D6FD4B2B7D3D7200A269D9 /* PhotoSnapUITests.swift */; };
		22D6FD4E2B7D3D7200A269D9 /* PhotoSnapUITestsLaunchTests.swift in Sources */ = {isa = PBXBuildFile; fileRef = 22D6FD4D2B7D3D7200A269D9 /* PhotoSnapUITestsLaunchTests.swift */; };
/* End PBXBuildFile section */

/* Begin PBXContainerItemProxy section */
		22D6FD3E2B7D3D7200A269D9 /* PBXContainerItemProxy */ = {
			isa = PBXContainerItemProxy;
			containerPortal = 22D6FD252B7D3D6F00A269D9 /* Project object */;
			proxyType = 1;
			remoteGlobalIDString = 22D6FD2C2B7D3D6F00A269D9;
			remoteInfo = PhotoSnap;
		};
		22D6FD482B7D3D7200A269D9 /* PBXContainerItemProxy */ = {
			isa = PBXContainerItemProxy;
			containerPortal = 22D6FD252B7D3D6F00A269D9 /* Project object */;
			proxyType = 1;
			remoteGlobalIDString = 22D6FD2C2B7D3D6F00A269D9;
			remoteInfo = PhotoSnap;
		};
/* End PBXContainerItemProxy section */

/* Begin PBXFileReference section */
		22D6FD2D2B7D3D6F00A269D9 /* PhotoSnap.app */ = {isa = PBXFileReference; explicitFileType = wrapper.application; includeInIndex = 0; path = PhotoSnap.app; sourceTree = BUILT_PRODUCTS_DIR; };
		22D6FD302B7D3D6F00A269D9 /* PhotoSnapApp.swift */ = {isa = PBXFileReference; lastKnownFileType = sourcecode.swift; path = PhotoSnapApp.swift; sourceTree = "<group>"; };
		22D6FD322B7D3D6F00A269D9 /* ContentView.swift */ = {isa = PBXFileReference; lastKnownFileType = sourcecode.swift; path = ContentView.swift; sourceTree = "<group>"; };
		22D6FD342B7D3D7200A269D9 /* Assets.xcassets */ = {isa = PBXFileReference; lastKnownFileType = folder.assetcatalog; path = Assets.xcassets; sourceTree = "<group>"; };
		22D6FD372B7D3D7200A269D9 /* Preview Assets.xcassets */ = {isa = PBXFileReference; lastKnownFileType = folder.assetcatalog; path = "Preview Assets.xcassets"; sourceTree = "<group>"; };
		22D6FD3D2B7D3D7200A269D9 /* PhotoSnapTests.xctest */ = {isa = PBXFileReference; explicitFileType = wrapper.cfbundle; includeInIndex = 0; path = PhotoSnapTests.xctest; sourceTree = BUILT_PRODUCTS_DIR; };
		22D6FD412B7D3D7200A269D9 /* PhotoSnapTests.swift */ = {isa = PBXFileReference; lastKnownFileType = sourcecode.swift; path = PhotoSnapTests.swift; sourceTree = "<group>"; };
		22D6FD472B7D3D7200A269D9 /* PhotoSnapUITests.xctest */ = {isa = PBXFileReference; explicitFileType = wrapper.cfbundle; includeInIndex = 0; path = PhotoSnapUITests.xctest; sourceTree = BUILT_PRODUCTS_DIR; };
		22D6FD4B2B7D3D7200A269D9 /* PhotoSnapUITests.swift */ = {isa = PBXFileReference; lastKnownFileType = sourcecode.swift; path = PhotoSnapUITests.swift; sourceTree = "<group>"; };
		22D6FD4D2B7D3D7200A269D9 /* PhotoSnapUITestsLaunchTests.swift */ = {isa = PBXFileReference; lastKnownFileType = sourcecode.swift; path = PhotoSnapUITestsLaunchTests.swift; sourceTree = "<group>"; };
/* End PBXFileReference section */

/* Begin PBXFrameworksBuildPhase section */
		22D6FD2A2B7D3D6F00A269D9 /* Frameworks */ = {
			isa = PBXFrameworksBuildPhase;
			buildActionMask = 2147483647;
			files = (
			);
			runOnlyForDeploymentPostprocessing = 0;
		};
		22D6FD3A2B7D3D7200A269D9 /* Frameworks */ = {
			isa = PBXFrameworksBuildPhase;
			buildActionMask = 2147483647;
			files = (
			);
			runOnlyForDeploymentPostprocessing = 0;
		};
		22D6FD442B7D3D7200A269D9 /* Frameworks */ = {
			isa = PBXFrameworksBuildPhase;
			buildActionMask = 2147483647;
			files = (
			);
			runOnlyForDeploymentPostprocessing = 0;
		};
/* End PBXFrameworksBuildPhase section */

/* Begin PBXGroup section */
		22D6FD242B7D3D6F00A269D9 = {
			isa = PBXGroup;
			children = (
				22D6FD2F2B7D3D6F00A269D9 /* PhotoSnap */,
				22D6FD402B7D3D7200A269D9 /* PhotoSnapTests */,
				22D6FD4A2B7D3D7200A269D9 /* PhotoSnapUITests */,
				22D6FD2E2B7D3D6F00A269D9 /* Products */,
			);
			sourceTree = "<group>";
		};
		22D6FD2E2B7D3D6F00A269D9 /* Products */ = {
			isa = PBXGroup;
			children = (
				22D6FD2D2B7D3D6F00A269D9 /* PhotoSnap.app */,
				22D6FD3D2B7D3D7200A269D9 /* PhotoSnapTests.xctest */,
				22D6FD472B7D3D7200A269D9 /* PhotoSnapUITests.xctest */,
			);
			name = Products;
			sourceTree = "<group>";
		};
		22D6FD2F2B7D3D6F00A269D9 /* PhotoSnap */ = {
			isa = PBXGroup;
			children = (
				22D6FD302B7D3D6F00A269D9 /* PhotoSnapApp.swift */,
				22D6FD322B7D3D6F00A269D9 /* ContentView.swift */,
				22D6FD342B7D3D7200A269D9 /* Assets.xcassets */,
				22D6FD362B7D3D7200A269D9 /* Preview Content */,
			);
			path = PhotoSnap;
			sourceTree = "<group>";
		};
		22D6FD362B7D3D7200A269D9 /* Preview Content */ = {
			isa = PBXGroup;
			children = (
				22D6FD372B7D3D7200A269D9 /* Preview Assets.xcassets */,
			);
			path = "Preview Content";
			sourceTree = "<group>";
		};
		22D6FD402B7D3D7200A269D9 /* PhotoSnapTests */ = {
			isa = PBXGroup;
			children = (
				22D6FD412B7D3D7200A269D9 /* PhotoSnapTests.swift */,
			);
			path = PhotoSnapTests;
			sourceTree = "<group>";
		};
		22D6FD4A2B7D3D7200A269D9 /* PhotoSnapUITests */ = {
			isa = PBXGroup;
			children = (
				22D6FD4B2B7D3D7200A269D9 /* PhotoSnapUITests.swift */,
				22D6FD4D2B7D3D7200A269D9 /* PhotoSnapUITestsLaunchTests.swift */,
			);
			path = PhotoSnapUITests;
			sourceTree = "<group>";
		};
/* End PBXGroup section */

/* Begin PBXNativeTarget section */
		22D6FD2C2B7D3D6F00A269D9 /* PhotoSnap */ = {
			isa = PBXNativeTarget;
			buildConfigurationList = 22D6FD512B7D3D7200A269D9 /* Build configuration list for PBXNativeTarget "PhotoSnap" */;
			buildPhases = (
				22D6FD292B7D3D6F00A269D9 /* Sources */,
				22D6FD2A2B7D3D6F00A269D9 /* Frameworks */,
				22D6FD2B2B7D3D6F00A269D9 /* Resources */,
			);
			buildRules = (
			);
			dependencies = (
			);
			name = PhotoSnap;
			productName = PhotoSnap;
			productReference = 22D6FD2D2B7D3D6F00A269D9 /* PhotoSnap.app */;
			productType = "com.apple.product-type.application";
		};
		22D6FD3C2B7D3D7200A269D9 /* PhotoSnapTests */ = {
			isa = PBXNativeTarget;
			buildConfigurationList = 22D6FD542B7D3D7200A269D9 /* Build configuration list for PBXNativeTarget "PhotoSnapTests" */;
			buildPhases = (
				22D6FD392B7D3D7200A269D9 /* Sources */,
				22D6FD3A2B7D3D7200A269D9 /* Frameworks */,
				22D6FD3B2B7D3D7200A269D9 /* Resources */,
			);
			buildRules = (
			);
			dependencies = (
				22D6FD3F2B7D3D7200A269D9 /* PBXTargetDependency */,
			);
			name = PhotoSnapTests;
			productName = PhotoSnapTests;
			productReference = 22D6FD3D2B7D3D7200A269D9 /* PhotoSnapTests.xctest */;
			productType = "com.apple.product-type.bundle.unit-test";
		};
		22D6FD462B7D3D7200A269D9 /* PhotoSnapUITests */ = {
			isa = PBXNativeTarget;
			buildConfigurationList = 22D6FD572B7D3D7200A269D9 /* Build configuration list for PBXNativeTarget "PhotoSnapUITests" */;
			buildPhases = (
				22D6FD432B7D3D7200A269D9 /* Sources */,
				22D6FD442B7D3D7200A269D9 /* Frameworks */,
				22D6FD452B7D3D7200A269D9 /* Resources */,
			);
			buildRules = (
			);
			dependencies = (
				22D6FD492B7D3D7200A269D9 /* PBXTargetDependency */,
			);
			name = PhotoSnapUITests;
			productName = PhotoSnapUITests;
			productReference = 22D6FD472B7D3D7200A269D9 /* PhotoSnapUITests.xctest */;
			productType = "com.apple.product-type.bundle.ui-testing";
		};
/* End PBXNativeTarget section */

/* Begin PBXProject section */
		22D6FD252B7D3D6F00A269D9 /* Project object */ = {
			isa = PBXProject;
			attributes = {
				BuildIndependentTargetsInParallel = 1;
				LastSwiftUpdateCheck = 1520;
				LastUpgradeCheck = 1520;
				TargetAttributes = {
					22D6FD2C2B7D3D6F00A269D9 = {
						CreatedOnToolsVersion = 15.2;
					};
					22D6FD3C2B7D3D7200A269D9 = {
						CreatedOnToolsVersion = 15.2;
						TestTargetID = 22D6FD2C2B7D3D6F00A269D9;
					};
					22D6FD462B7D3D7200A269D9 = {
						CreatedOnToolsVersion = 15.2;
						TestTargetID = 22D6FD2C2B7D3D6F00A269D9;
					};
				};
			};
			buildConfigurationList = 22D6FD282B7D3D6F00A269D9 /* Build configuration list for PBXProject "PhotoSnap" */;
			compatibilityVersion = "Xcode 14.0";
			developmentRegion = en;
			hasScannedForEncodings = 0;
			knownRegions = (
				en,
				Base,
			);
			mainGroup = 22D6FD242B7D3D6F00A269D9;
			productRefGroup = 22D6FD2E2B7D3D6F00A269D9 /* Products */;
			projectDirPath = "";
			projectRoot = "";
			targets = (
				22D6FD2C2B7D3D6F00A269D9 /* PhotoSnap */,
				22D6FD3C2B7D3D7200A269D9 /* PhotoSnapTests */,
				22D6FD462B7D3D7200A269D9 /* PhotoSnapUITests */,
			);
		};
/* End PBXProject section */

/* Begin PBXResourcesBuildPhase section */
		22D6FD2B2B7D3D6F00A269D9 /* Resources */ = {
			isa = PBXResourcesBuildPhase;
			buildActionMask = 2147483647;
			files = (
				22D6FD382B7D3D7200A269D9 /* Preview Assets.xcassets in Resources */,
				22D6FD352B7D3D7200A269D9 /* Assets.xcassets in Resources */,
			);
			runOnlyForDeploymentPostprocessing = 0;
		};
		22D6FD3B2B7D3D7200A269D9 /* Resources */ = {
			isa = PBXResourcesBuildPhase;
			buildActionMask = 2147483647;
			files = (
			);
			runOnlyForDeploymentPostprocessing = 0;
		};
		22D6FD452B7D3D7200A269D9 /* Resources */ = {
			isa = PBXResourcesBuildPhase;
			buildActionMask = 2147483647;
			files = (
			);
			runOnlyForDeploymentPostprocessing = 0;
		};
/* End PBXResourcesBuildPhase section */

/* Begin PBXSourcesBuildPhase section */
		22D6FD292B7D3D6F00A269D9 /* Sources */ = {
			isa = PBXSourcesBuildPhase;
			buildActionMask = 2147483647;
			files = (
				22D6FD332B7D3D6F00A269D9 /* ContentView.swift in Sources */,
				22D6FD312B7D3D6F00A269D9 /* PhotoSnapApp.swift in Sources */,
			);
			runOnlyForDeploymentPostprocessing = 0;
		};
		22D6FD392B7D3D7200A269D9 /* Sources */ = {
			isa = PBXSourcesBuildPhase;
			buildActionMask = 2147483647;
			files = (
				22D6FD422B7D3D7200A269D9 /* PhotoSnapTests.swift in Sources */,
			);
			runOnlyForDeploymentPostprocessing = 0;
		};
		22D6FD432B7D3D7200A269D9 /* Sources */ = {
			isa = PBXSourcesBuildPhase;
			buildActionMask = 2147483647;
			files = (
				22D6FD4C2B7D3D7200A269D9 /* PhotoSnapUITests.swift in Sources */,
				22D6FD4E2B7D3D7200A269D9 /* PhotoSnapUITestsLaunchTests.swift in Sources */,
			);
			runOnlyForDeploymentPostprocessing = 0;
		};
/* End PBXSourcesBuildPhase section */

/* Begin PBXTargetDependency section */
		22D6FD3F2B7D3D7200A269D9 /* PBXTargetDependency */ = {
			isa = PBXTargetDependency;
			target = 22D6FD2C2B7D3D6F00A269D9 /* PhotoSnap */;
			targetProxy = 22D6FD3E2B7D3D7200A269D9 /* PBXContainerItemProxy */;
		};
		22D6FD492B7D3D7200A269D9 /* PBXTargetDependency */ = {
			isa = PBXTargetDependency;
			target = 22D6FD2C2B7D3D6F00A269D9 /* PhotoSnap */;
			targetProxy = 22D6FD482B7D3D7200A269D9 /* PBXContainerItemProxy */;
		};
/* End PBXTargetDependency section */

/* Begin XCBuildConfiguration section */
		22D6FD4F2B7D3D7200A269D9 /* Debug */ = {
			isa = XCBuildConfiguration;
			buildSettings = {
				ALWAYS_SEARCH_USER_PATHS = NO;
				ASSETCATALOG_COMPILER_GENERATE_SWIFT_ASSET_SYMBOL_EXTENSIONS = YES;
				CLANG_ANALYZER_NONNULL = YES;
				CLANG_ANALYZER_NUMBER_OBJECT_CONVERSION = YES_AGGRESSIVE;
				CLANG_CXX_LANGUAGE_STANDARD = "gnu++20";
				CLANG_ENABLE_MODULES = YES;
				CLANG_ENABLE_OBJC_ARC = YES;
				CLANG_ENABLE_OBJC_WEAK = YES;
				CLANG_WARN_BLOCK_CAPTURE_AUTORELEASING = YES;
				CLANG_WARN_BOOL_CONVERSION = YES;
				CLANG_WARN_COMMA = YES;
				CLANG_WARN_CONSTANT_CONVERSION = YES;
				CLANG_WARN_DEPRECATED_OBJC_IMPLEMENTATIONS = YES;
				CLANG_WARN_DIRECT_OBJC_ISA_USAGE = YES_ERROR;
				CLANG_WARN_DOCUMENTATION_COMMENTS = YES;
				CLANG_WARN_EMPTY_BODY = YES;
				CLANG_WARN_ENUM_CONVERSION = YES;
				CLANG_WARN_INFINITE_RECURSION = YES;
				CLANG_WARN_INT_CONVERSION = YES;
				CLANG_WARN_NON_LITERAL_NULL_CONVERSION = YES;
				CLANG_WARN_OBJC_IMPLICIT_RETAIN_SELF = YES;
				CLANG_WARN_OBJC_LITERAL_CONVERSION = YES;
				CLANG_WARN_OBJC_ROOT_CLASS = YES_ERROR;
				CLANG_WARN_QUOTED_INCLUDE_IN_FRAMEWORK_HEADER = YES;
				CLANG_WARN_RANGE_LOOP_ANALYSIS = YES;
				CLANG_WARN_STRICT_PROTOTYPES = YES;
				CLANG_WARN_SUSPICIOUS_MOVE = YES;
				CLANG_WARN_UNGUARDED_AVAILABILITY = YES_AGGRESSIVE;
				CLANG_WARN_UNREACHABLE_CODE = YES;
				CLANG_WARN__DUPLICATE_METHOD_MATCH = YES;
				COPY_PHASE_STRIP = NO;
				DEBUG_INFORMATION_FORMAT = dwarf;
				ENABLE_STRICT_OBJC_MSGSEND = YES;
				ENABLE_TESTABILITY = YES;
				ENABLE_USER_SCRIPT_SANDBOXING = YES;
				GCC_C_LANGUAGE_STANDARD = gnu17;
				GCC_DYNAMIC_NO_PIC = NO;
				GCC_NO_COMMON_BLOCKS = YES;
				GCC_OPTIMIZATION_LEVEL = 0;
				GCC_PREPROCESSOR_DEFINITIONS = (
					"DEBUG=1",
					"$(inherited)",
				);
				GCC_WARN_64_TO_32_BIT_CONVERSION = YES;
				GCC_WARN_ABOUT_RETURN_TYPE = YES_ERROR;
				GCC_WARN_UNDECLARED_SELECTOR = YES;
				GCC_WARN_UNINITIALIZED_AUTOS = YES_AGGRESSIVE;
				GCC_WARN_UNUSED_FUNCTION = YES;
				GCC_WARN_UNUSED_VARIABLE = YES;
				IPHONEOS_DEPLOYMENT_TARGET = 17.2;
				LOCALIZATION_PREFERS_STRING_CATALOGS = YES;
				MTL_ENABLE_DEBUG_INFO = INCLUDE_SOURCE;
				MTL_FAST_MATH = YES;
				ONLY_ACTIVE_ARCH = YES;
				SDKROOT = iphoneos;
				SWIFT_ACTIVE_COMPILATION_CONDITIONS = "DEBUG $(inherited)";
				SWIFT_OPTIMIZATION_LEVEL = "-Onone";
			};
			name = Debug;
		};
		22D6FD502B7D3D7200A269D9 /* Release */ = {
			isa = XCBuildConfiguration;
			buildSettings = {
				ALWAYS_SEARCH_USER_PATHS = NO;
				ASSETCATALOG_COMPILER_GENERATE_SWIFT_ASSET_SYMBOL_EXTENSIONS = YES;
				CLANG_ANALYZER_NONNULL = YES;
				CLANG_ANALYZER_NUMBER_OBJECT_CONVERSION = YES_AGGRESSIVE;
				CLANG_CXX_LANGUAGE_STANDARD = "gnu++20";
				CLANG_ENABLE_MODULES = YES;
				CLANG_ENABLE_OBJC_ARC = YES;
				CLANG_ENABLE_OBJC_WEAK = YES;
				CLANG_WARN_BLOCK_CAPTURE_AUTORELEASING = YES;
				CLANG_WARN_BOOL_CONVERSION = YES;
				CLANG_WARN_COMMA = YES;
				CLANG_WARN_CONSTANT_CONVERSION = YES;
				CLANG_WARN_DEPRECATED_OBJC_IMPLEMENTATIONS = YES;
				CLANG_WARN_DIRECT_OBJC_ISA_USAGE = YES_ERROR;
				CLANG_WARN_DOCUMENTATION_COMMENTS = YES;
				CLANG_WARN_EMPTY_BODY = YES;
				CLANG_WARN_ENUM_CONVERSION = YES;
				CLANG_WARN_INFINITE_RECURSION = YES;
				CLANG_WARN_INT_CONVERSION = YES;
				CLANG_WARN_NON_LITERAL_NULL_CONVERSION = YES;
				CLANG_WARN_OBJC_IMPLICIT_RETAIN_SELF = YES;
				CLANG_WARN_OBJC_LITERAL_CONVERSION = YES;
				CLANG_WARN_OBJC_ROOT_CLASS = YES_ERROR;
				CLANG_WARN_QUOTED_INCLUDE_IN_FRAMEWORK_HEADER = YES;
				CLANG_WARN_RANGE_LOOP_ANALYSIS = YES;
				CLANG_WARN_STRICT_PROTOTYPES = YES;
				CLANG_WARN_SUSPICIOUS_MOVE = YES;
				CLANG_WARN_UNGUARDED_AVAILABILITY = YES_AGGRESSIVE;
				CLANG_WARN_UNREACHABLE_CODE = YES;
				CLANG_WARN__DUPLICATE_METHOD_MATCH = YES;
				COPY_PHASE_STRIP = NO;
				DEBUG_INFORMATION_FORMAT = "dwarf-with-dsym";
				ENABLE_NS_ASSERTIONS = NO;
				ENABLE_STRICT_OBJC_MSGSEND = YES;
				ENABLE_USER_SCRIPT_SANDBOXING = YES;
				GCC_C_LANGUAGE_STANDARD = gnu17;
				GCC_NO_COMMON_BLOCKS = YES;
				GCC_WARN_64_TO_32_BIT_CONVERSION = YES;
				GCC_WARN_ABOUT_RETURN_TYPE = YES_ERROR;
				GCC_WARN_UNDECLARED_SELECTOR = YES;
				GCC_WARN_UNINITIALIZED_AUTOS = YES_AGGRESSIVE;
				GCC_WARN_UNUSED_FUNCTION = YES;
				GCC_WARN_UNUSED_VARIABLE = YES;
				IPHONEOS_DEPLOYMENT_TARGET = 17.2;
				LOCALIZATION_PREFERS_STRING_CATALOGS = YES;
				MTL_ENABLE_DEBUG_INFO = NO;
				MTL_FAST_MATH = YES;
				SDKROOT = iphoneos;
				SWIFT_COMPILATION_MODE = wholemodule;
				VALIDATE_PRODUCT = YES;
			};
			name = Release;
		};
		22D6FD522B7D3D7200A269D9 /* Debug */ = {
			isa = XCBuildConfiguration;
			buildSettings = {
				ASSETCATALOG_COMPILER_APPICON_NAME = AppIcon;
				ASSETCATALOG_COMPILER_GLOBAL_ACCENT_COLOR_NAME = AccentColor;
				CODE_SIGN_STYLE = Automatic;
				CURRENT_PROJECT_VERSION = 1;
				DEVELOPMENT_ASSET_PATHS = "\"PhotoSnap/Preview Content\"";
				DEVELOPMENT_TEAM = G863RBG8J7;
				ENABLE_PREVIEWS = YES;
				GENERATE_INFOPLIST_FILE = YES;
				INFOPLIST_KEY_UIApplicationSceneManifest_Generation = YES;
				INFOPLIST_KEY_UIApplicationSupportsIndirectInputEvents = YES;
				INFOPLIST_KEY_UILaunchScreen_Generation = YES;
				INFOPLIST_KEY_UISupportedInterfaceOrientations_iPad = "UIInterfaceOrientationPortrait UIInterfaceOrientationPortraitUpsideDown UIInterfaceOrientationLandscapeLeft UIInterfaceOrientationLandscapeRight";
				INFOPLIST_KEY_UISupportedInterfaceOrientations_iPhone = "UIInterfaceOrientationPortrait UIInterfaceOrientationLandscapeLeft UIInterfaceOrientationLandscapeRight";
				LD_RUNPATH_SEARCH_PATHS = (
					"$(inherited)",
					"@executable_path/Frameworks",
				);
				MARKETING_VERSION = 1.0;
				PRODUCT_BUNDLE_IDENTIFIER = com.serbinolexandra777.PhotoSnap;
				PRODUCT_NAME = "$(TARGET_NAME)";
				SWIFT_EMIT_LOC_STRINGS = YES;
				SWIFT_VERSION = 5.0;
				TARGETED_DEVICE_FAMILY = "1,2";
			};
			name = Debug;
		};
		22D6FD532B7D3D7200A269D9 /* Release */ = {
			isa = XCBuildConfiguration;
			buildSettings = {
				ASSETCATALOG_COMPILER_APPICON_NAME = AppIcon;
				ASSETCATALOG_COMPILER_GLOBAL_ACCENT_COLOR_NAME = AccentColor;
				CODE_SIGN_STYLE = Automatic;
				CURRENT_PROJECT_VERSION = 1;
				DEVELOPMENT_ASSET_PATHS = "\"PhotoSnap/Preview Content\"";
				DEVELOPMENT_TEAM = G863RBG8J7;
				ENABLE_PREVIEWS = YES;
				GENERATE_INFOPLIST_FILE = YES;
				INFOPLIST_KEY_UIApplicationSceneManifest_Generation = YES;
				INFOPLIST_KEY_UIApplicationSupportsIndirectInputEvents = YES;
				INFOPLIST_KEY_UILaunchScreen_Generation = YES;
				INFOPLIST_KEY_UISupportedInterfaceOrientations_iPad = "UIInterfaceOrientationPortrait UIInterfaceOrientationPortraitUpsideDown UIInterfaceOrientationLandscapeLeft UIInterfaceOrientationLandscapeRight";
				INFOPLIST_KEY_UISupportedInterfaceOrientations_iPhone = "UIInterfaceOrientationPortrait UIInterfaceOrientationLandscapeLeft UIInterfaceOrientationLandscapeRight";
				LD_RUNPATH_SEARCH_PATHS = (
					"$(inherited)",
					"@executable_path/Frameworks",
				);
				MARKETING_VERSION = 1.0;
				PRODUCT_BUNDLE_IDENTIFIER = com.serbinolexandra777.PhotoSnap;
				PRODUCT_NAME = "$(TARGET_NAME)";
				SWIFT_EMIT_LOC_STRINGS = YES;
				SWIFT_VERSION = 5.0;
				TARGETED_DEVICE_FAMILY = "1,2";
			};
			name = Release;
		};
		22D6FD552B7D3D7200A269D9 /* Debug */ = {
			isa = XCBuildConfiguration;
			buildSettings = {
				ALWAYS_EMBED_SWIFT_STANDARD_LIBRARIES = YES;
				BUNDLE_LOADER = "$(TEST_HOST)";
				CODE_SIGN_STYLE = Automatic;
				CURRENT_PROJECT_VERSION = 1;
				DEVELOPMENT_TEAM = G863RBG8J7;
				GENERATE_INFOPLIST_FILE = YES;
				IPHONEOS_DEPLOYMENT_TARGET = 17.2;
				MARKETING_VERSION = 1.0;
				PRODUCT_BUNDLE_IDENTIFIER = com.serbinolexandra777.PhotoSnapTests;
				PRODUCT_NAME = "$(TARGET_NAME)";
				SWIFT_EMIT_LOC_STRINGS = NO;
				SWIFT_VERSION = 5.0;
				TARGETED_DEVICE_FAMILY = "1,2";
				TEST_HOST = "$(BUILT_PRODUCTS_DIR)/PhotoSnap.app/$(BUNDLE_EXECUTABLE_FOLDER_PATH)/PhotoSnap";
			};
			name = Debug;
		};
		22D6FD562B7D3D7200A269D9 /* Release */ = {
			isa = XCBuildConfiguration;
			buildSettings = {
				ALWAYS_EMBED_SWIFT_STANDARD_LIBRARIES = YES;
				BUNDLE_LOADER = "$(TEST_HOST)";
				CODE_SIGN_STYLE = Automatic;
				CURRENT_PROJECT_VERSION = 1;
				DEVELOPMENT_TEAM = G863RBG8J7;
				GENERATE_INFOPLIST_FILE = YES;
				IPHONEOS_DEPLOYMENT_TARGET = 17.2;
				MARKETING_VERSION = 1.0;
				PRODUCT_BUNDLE_IDENTIFIER = com.serbinolexandra777.PhotoSnapTests;
				PRODUCT_NAME = "$(TARGET_NAME)";
				SWIFT_EMIT_LOC_STRINGS = NO;
				SWIFT_VERSION = 5.0;
				TARGETED_DEVICE_FAMILY = "1,2";
				TEST_HOST = "$(BUILT_PRODUCTS_DIR)/PhotoSnap.app/$(BUNDLE_EXECUTABLE_FOLDER_PATH)/PhotoSnap";
			};
			name = Release;
		};
		22D6FD582B7D3D7200A269D9 /* Debug */ = {
			isa = XCBuildConfiguration;
			buildSettings = {
				ALWAYS_EMBED_SWIFT_STANDARD_LIBRARIES = YES;
				CODE_SIGN_STYLE = Automatic;
				CURRENT_PROJECT_VERSION = 1;
				DEVELOPMENT_TEAM = G863RBG8J7;
				GENERATE_INFOPLIST_FILE = YES;
				MARKETING_VERSION = 1.0;
				PRODUCT_BUNDLE_IDENTIFIER = com.serbinolexandra777.PhotoSnapUITests;
				PRODUCT_NAME = "$(TARGET_NAME)";
				SWIFT_EMIT_LOC_STRINGS = NO;
				SWIFT_VERSION = 5.0;
				TARGETED_DEVICE_FAMILY = "1,2";
				TEST_TARGET_NAME = PhotoSnap;
			};
			name = Debug;
		};
		22D6FD592B7D3D7200A269D9 /* Release */ = {
			isa = XCBuildConfiguration;
			buildSettings = {
				ALWAYS_EMBED_SWIFT_STANDARD_LIBRARIES = YES;
				CODE_SIGN_STYLE = Automatic;
				CURRENT_PROJECT_VERSION = 1;
				DEVELOPMENT_TEAM = G863RBG8J7;
				GENERATE_INFOPLIST_FILE = YES;
				MARKETING_VERSION = 1.0;
				PRODUCT_BUNDLE_IDENTIFIER = com.serbinolexandra777.PhotoSnapUITests;
				PRODUCT_NAME = "$(TARGET_NAME)";
				SWIFT_EMIT_LOC_STRINGS = NO;
				SWIFT_VERSION = 5.0;
				TARGETED_DEVICE_FAMILY = "1,2";
				TEST_TARGET_NAME = PhotoSnap;
			};
			name = Release;
		};
/* End XCBuildConfiguration section */

/* Begin XCConfigurationList section */
		22D6FD282B7D3D6F00A269D9 /* Build configuration list for PBXProject "PhotoSnap" */ = {
			isa = XCConfigurationList;
			buildConfigurations = (
				22D6FD4F2B7D3D7200A269D9 /* Debug */,
				22D6FD502B7D3D7200A269D9 /* Release */,
			);
			defaultConfigurationIsVisible = 0;
			defaultConfigurationName = Release;
		};
		22D6FD512B7D3D7200A269D9 /* Build configuration list for PBXNativeTarget "PhotoSnap" */ = {
			isa = XCConfigurationList;
			buildConfigurations = (
				22D6FD522B7D3D7200A269D9 /* Debug */,
				22D6FD532B7D3D7200A269D9 /* Release */,
			);
			defaultConfigurationIsVisible = 0;
			defaultConfigurationName = Release;
		};
		22D6FD542B7D3D7200A269D9 /* Build configuration list for PBXNativeTarget "PhotoSnapTests" */ = {
			isa = XCConfigurationList;
			buildConfigurations = (
				22D6FD552B7D3D7200A269D9 /* Debug */,
				22D6FD562B7D3D7200A269D9 /* Release */,
			);
			defaultConfigurationIsVisible = 0;
			defaultConfigurationName = Release;
		};
		22D6FD572B7D3D7200A269D9 /* Build configuration list for PBXNativeTarget "PhotoSnapUITests" */ = {
			isa = XCConfigurationList;
			buildConfigurations = (
				22D6FD582B7D3D7200A269D9 /* Debug */,
				22D6FD592B7D3D7200A269D9 /* Release */,
			);
			defaultConfigurationIsVisible = 0;
			defaultConfigurationName = Release;
		};
/* End XCConfigurationList section */
	};
	rootObject = 22D6FD252B7D3D6F00A269D9 /* Project object */;
}
